#MicroXplorer Configuration settings - do not modify
Mcu.Family=STM32F4
PC3.Mode=A0_1
ProjectManager.MainLocation=Core/Src
PCC.Series=STM32F4
RCC.CortexFreq_Value=100000000
ProjectManager.KeepUserCode=true
Mcu.UserName=STM32F412RGTx
ADC1.ContinuousConvMode=ENABLE
PCC.Seq0.Step0.CPU_Frequency=100 MHz
USART1.BaudRate=31250
PCC.Seq0.Step0.User's_Consumption=0 mA
ADC1.SamplingTime-6\#ChannelRegularConversion=ADC_SAMPLETIME_3CYCLES
RCC.PLLCLKFreq_Value=100000000
PC12.Signal=FSMC_D3
VP_IWDG_VS_IWDG.Mode=IWDG_Activate
RCC.PLLQCLKFreq_Value=200000000
PC7.Locked=true
ProjectManager.functionlistsort=1-MX_GPIO_Init-GPIO-false-HAL-true,2-MX_DMA_Init-DMA-false-HAL-true,3-SystemClock_Config-RCC-false-HAL-false,4-MX_ADC1_Init-ADC1-false-HAL-true,5-MX_FSMC_Init-FSMC-false-HAL-true,6-MX_I2C3_Init-I2C3-false-HAL-true,7-MX_IWDG_Init-IWDG-false-HAL-true,8-MX_USART1_UART_Init-USART1-false-HAL-true,9-MX_TIM3_Init-TIM3-false-HAL-true
PC9.Locked=true
RCC.PLLI2SRCLKFreq_Value=48000000
PC5.Mode=Lcd1
USART1.IPParameters=VirtualMode,BaudRate
PCC.Seq0.Step1.Duration=0.9 ms
PC1.Locked=true
PB13.Signal=GPIO_Output
PB15.Signal=GPIO_Output
PinOutPanel.RotationAngle=0
RCC.SYSCLKSource=RCC_SYSCLKSOURCE_PLLCLK
ProjectManager.StackSize=0x400
Mcu.IP4=IWDG
Mcu.IP5=NVIC
RCC.FCLKCortexFreq_Value=100000000
Mcu.IP2=FSMC
NVIC.SVCall_IRQn=true\:0\:0\:false\:false\:true\:false\:false
PCC.Seq0.Step1.Oscillator=Regulator_LPLV Flash-PwrDwn
Mcu.IP3=I2C3
Mcu.IP0=ADC1
PA12.Locked=true
Mcu.IP1=DMA
PA12.Signal=GPIO_Input
PCC.PartNumber=STM32F412RGTx
Mcu.UserConstants=
PH0\ -\ OSC_IN.Signal=RCC_OSC_IN
ADC1.Channel-5\#ChannelRegularConversion=ADC_CHANNEL_0
PA4.Mode=8b-d1
Mcu.ThirdPartyNb=0
PH0\ -\ OSC_IN.Locked=true
RCC.SDIOFreq_Value=200000000
RCC.HCLKFreq_Value=100000000
Mcu.IPNb=10
ProjectManager.PreviousToolchain=
RCC.APB2TimFreq_Value=100000000
PB6.Signal=GPIO_Input
Dma.ADC1.0.Direction=DMA_PERIPH_TO_MEMORY
PC7.Signal=GPIO_Output
PCC.Seq0.Step1.TaMax=105
SH.SharedAnalog_PA1.ConfNb=2
RCC.PLLRoutputFreq_Value=200000000
PC3.Signal=FSMC_A0
Mcu.Pin6=PA1
Mcu.Pin7=PA2
NVIC.DMA2_Stream0_IRQn=true\:0\:0\:false\:false\:true\:false\:true
Mcu.Pin8=PA3
Mcu.Pin9=PA4
PCC.Seq0.Step1.Category=In DS Table
Dma.ADC1.0.MemDataAlignment=DMA_MDATAALIGN_HALFWORD
RCC.AHBFreq_Value=100000000
PB13.Locked=true
Mcu.Pin0=PH0 - OSC_IN
Mcu.Pin1=PH1 - OSC_OUT
GPIO.groupedBy=Group By Peripherals
Mcu.Pin2=PC1
Mcu.Pin3=PC2
Mcu.Pin4=PC3
Mcu.Pin5=PA0
ProjectManager.ProjectBuild=false
RCC.HSE_VALUE=8000000
NVIC.UsageFault_IRQn=true\:0\:0\:false\:false\:true\:false\:false
PA0.Locked=true
NVIC.DebugMonitor_IRQn=true\:0\:0\:false\:false\:true\:false\:false
PCC.Seq0.Step1.Vdd=1.7
PA8.Locked=true
PCC.Seq0.Step0.Voltage_Source=Battery
PCC.Seq0.Step0.DMIPS=125.0
NVIC.SysTick_IRQn=true\:0\:0\:false\:false\:true\:false\:true
ProjectManager.FirmwarePackage=STM32Cube FW_F4 V1.25.0
NVIC.I2C3_EV_IRQn=true\:0\:0\:false\:false\:true\:true\:true
MxDb.Version=DB.6.0.0
ADC1.Channel-6\#ChannelRegularConversion=ADC_CHANNEL_1
ProjectManager.BackupPrevious=false
RCC.VCOInputFreq_Value=2000000
PA14.Mode=Serial_Wire
PB14.Mode=8b-d1
Dma.ADC1.0.PeriphInc=DMA_PINC_DISABLE
File.Version=6
PC9.Mode=I2C
PB7.Signal=GPIO_Input
PA8.Signal=I2C3_SCL
RCC.PLLRCLKFreq_Value=200000000
PB6.Locked=true
NVIC.PendSV_IRQn=true\:0\:0\:false\:false\:true\:false\:false
Dma.RequestsNb=1
RCC.PLLI2SoutputFreq_Value=48000000
ProjectManager.HalAssertFull=false
ProjectManager.ProjectName=MIDI_Floorboard
PA0.Signal=SharedAnalog_PA0
RCC.MCO2PinFreq_Value=100000000
PCC.Seq0.Step0.Oscillator=HSE PLL
Mcu.Package=LQFP64
RCC.I2S2Freq_Value=48000000
PA14.Locked=true
ProjectManager.ToolChainLocation=
PCC.Seq0.Step1.Average_Current=18.5 \u00B5A
VP_SYS_VS_Systick.Signal=SYS_VS_Systick
PA10.Signal=USART1_RX
RCC.DFSDMFreq_Value=100000000
PCC.Checker=false
PC11.Mode=8b-d1
PCC.Seq0.Step0.Duration=0.1 ms
PCC.Seq0.Step1.DMIPS=0.0
RCC.APB1TimFreq_Value=100000000
NVIC.BusFault_IRQn=true\:0\:0\:false\:false\:true\:false\:false
Dma.ADC1.0.FIFOMode=DMA_FIFOMODE_DISABLE
PCC.Seq0.Step0.Peripherals=
PC5.Signal=FSMC_NOE
RCC.PLLI2SQoutputFreq_Value=48000000
RCC.DFSDMAudioFreq_Value=48000000
NVIC.USART1_IRQn=true\:0\:0\:false\:false\:true\:true\:true
ADC1.Rank-6\#ChannelRegularConversion=2
Dma.Request0=ADC1
PCC.Seq0.Step1.Mode=STOP
ADC1.EOCSelection=ADC_EOC_SEQ_CONV
ProjectManager.CustomerFirmwarePackage=
PC4.Mode=NorPsramChipSelect4_1
PB15.Locked=true
PB3.Locked=true
PA3.Signal=FSMC_D5
PA5.Mode=8b-d1
PCC.Seq0.Step1.CPU_Frequency=0 Hz
PCC.Seq0.Step1.Memory=n/a
RCC.PLLSourceVirtual=RCC_PLLSOURCE_HSE
PCC.Seq0.Step0.Category=In DS Table
RCC.PLLQoutputFreq_Value=200000000
ProjectManager.ProjectFileName=MIDI_Floorboard.ioc
Dma.ADC1.0.Instance=DMA2_Stream0
TIM3.Channel-Output\ Compare1\ No\ Output=TIM_CHANNEL_1
PA10.Mode=Asynchronous
Mcu.PinsNb=37
PCC.Seq0.Step0.Average_Current=22.1 mA
PCC.Vdd=1.7
ProjectManager.NoMain=false
SH.SharedAnalog_PA0.0=GPIO_Analog
SH.SharedAnalog_PA0.1=ADC1_IN0,IN0
ADC1.IPParameters=Rank-5\#ChannelRegularConversion,master,Channel-5\#ChannelRegularConversion,SamplingTime-5\#ChannelRegularConversion,NbrOfConversionFlag,DMAContinuousRequests,EOCSelection,Rank-6\#ChannelRegularConversion,Channel-6\#ChannelRegularConversion,SamplingTime-6\#ChannelRegularConversion,NbrOfConversion,ContinuousConvMode,DiscontinuousConvMode,ClockPrescaler
PC11.Signal=FSMC_D2
RCC.FMPI2C1Freq_Value=50000000
RCC.VCOI2SInputFreq_Value=500000
PH1\ -\ OSC_OUT.Mode=HSE-External-Oscillator
PC2.Signal=FSMC_NWE
PC4.Signal=FSMC_NE4
PC6.Signal=FSMC_D1
ADC1.DiscontinuousConvMode=DISABLE
ProjectManager.DefaultFWLocation=true
PC2.Mode=Lcd1
PB12.Locked=true
ProjectManager.DeletePrevious=true
PCC.Line=STM32F412
RCC.APB1CLKDivider=RCC_HCLK_DIV2
PB10.Locked=true
PH1\ -\ OSC_OUT.Locked=true
RCC.FamilyName=M
PA13.Signal=SYS_JTMS-SWDIO
PA3.Mode=8b-d1
PCC.Seq0.Step0.TaMax=101.26
Dma.ADC1.0.PeriphDataAlignment=DMA_PDATAALIGN_HALFWORD
PCC.MCU=STM32F412R(E-G)Tx
PA11.Locked=true
PA9.Mode=Asynchronous
PH0\ -\ OSC_IN.Mode=HSE-External-Oscillator
ProjectManager.TargetToolchain=Makefile
VP_TIM3_VS_no_output1.Signal=TIM3_VS_no_output1
PCC.Seq0.Step1.User's_Consumption=0 mA
Dma.ADC1.0.Mode=DMA_CIRCULAR
PC6.Mode=8b-d1
PCC.Seq0.Step0.Mode=RUN
Dma.ADC1.0.Priority=DMA_PRIORITY_LOW
PA9.Signal=USART1_TX
RCC.I2S1Freq_Value=48000000
PB5.Locked=true
ProjectManager.RegisterCallBack=
RCC.USBFreq_Value=200000000
PA1.Signal=SharedAnalog_PA1
PB10.Signal=GPIO_Output
RCC.VCOI2SOutputFreq_Value=96000000
PB14.Signal=FSMC_D0
PA5.Signal=FSMC_D7
PC12.Mode=8b-d1
PH1\ -\ OSC_OUT.Signal=RCC_OSC_OUT
board=custom
VP_TIM3_VS_no_output1.Mode=Output Compare1 No Output
PCC.Temperature=25
RCC.VCOOutputFreq_Value=400000000
ProjectManager.LastFirmware=false
NVIC.TIM3_IRQn=true\:0\:0\:false\:false\:true\:true\:true
Dma.ADC1.0.RequestParameters=Instance,Direction,PeriphInc,MemInc,PeriphDataAlignment,MemDataAlignment,Mode,Priority,FIFOMode
RCC.APB2Freq_Value=100000000
PCC.Seq0.Step0.Frequency=4 MHz
PCC.Seq0.Step0.Vcore=Scale1-High
MxCube.Version=6.0.0
Mcu.Pin35=VP_SYS_VS_Systick
Mcu.Pin36=VP_TIM3_VS_no_output1
RCC.PLLI2SPCLKFreq_Value=48000000
RCC.RNGFreq_Value=200000000
Mcu.Pin30=PB3
VP_SYS_VS_Systick.Mode=SysTick
Mcu.Pin33=PB7
TIM3.IPParameters=Channel-Output Compare1 No Output
Mcu.Pin34=VP_IWDG_VS_IWDG
Mcu.Pin31=PB5
Mcu.Pin32=PB6
PA9.Locked=true
NVIC.NonMaskableInt_IRQn=true\:0\:0\:false\:false\:true\:false\:false
ADC1.DMAContinuousRequests=ENABLE
SH.SharedAnalog_PA0.ConfNb=2
ADC1.NbrOfConversion=2
PA13.Mode=Serial_Wire
ProjectManager.FreePins=false
RCC.IPParameters=AHBFreq_Value,APB1CLKDivider,APB1Freq_Value,APB1TimFreq_Value,APB2Freq_Value,APB2TimFreq_Value,CortexFreq_Value,DFSDMAudioFreq_Value,DFSDMFreq_Value,FCLKCortexFreq_Value,FMPI2C1Freq_Value,FamilyName,HCLKFreq_Value,HSE_VALUE,I2S1Freq_Value,I2S2Freq_Value,MCO2PinFreq_Value,PLLCLKFreq_Value,PLLI2SPCLKFreq_Value,PLLI2SQCLKFreq_Value,PLLI2SQoutputFreq_Value,PLLI2SRCLKFreq_Value,PLLI2SoutputFreq_Value,PLLM,PLLN,PLLP,PLLQCLKFreq_Value,PLLQoutputFreq_Value,PLLRCLKFreq_Value,PLLRoutputFreq_Value,PLLSourceVirtual,PWRFreq_Value,RNGFreq_Value,SDIOFreq_Value,SYSCLKFreq_VALUE,SYSCLKSource,USBFreq_Value,VCOI2SInputFreq_Value,VCOI2SOutputFreq_Value,VCOInputFreq_Value,VCOOutputFreq_Value
ProjectManager.AskForMigrate=true
Mcu.Name=STM32F412R(E-G)Tx
RCC.PLLI2SQCLKFreq_Value=48000000
Mcu.Pin26=PA13
Mcu.Pin27=PA14
PA2.Signal=FSMC_D4
Mcu.Pin24=PA11
ProjectManager.UnderRoot=false
Mcu.Pin25=PA12
Mcu.IP8=TIM3
Mcu.IP9=USART1
Mcu.Pin28=PC11
Mcu.IP6=RCC
Mcu.Pin29=PC12
Mcu.IP7=SYS
ProjectManager.CoupleFile=false
PCC.Seq0.Step0.Memory=FLASH
PB3.Signal=SYS_JTDO-SWO
PA4.Signal=FSMC_D6
RCC.SYSCLKFreq_VALUE=100000000
Mcu.Pin22=PA9
PB5.Signal=GPIO_Input
Mcu.Pin23=PA10
PA1.Locked=true
Mcu.Pin20=PC9
ADC1.master=1
Mcu.Pin21=PA8
PA10.Locked=true
NVIC.ForceEnableDMAVector=true
KeepUserPlacement=false
NVIC.MemoryManagement_IRQn=true\:0\:0\:false\:false\:true\:false\:false
PA13.Locked=true
USART1.VirtualMode=VM_ASYNC
ProjectManager.CompilerOptimize=6
PA11.Signal=GPIO_Output
VP_IWDG_VS_IWDG.Signal=IWDG_VS_IWDG
PA14.Signal=SYS_JTCK-SWCLK
Dma.ADC1.0.MemInc=DMA_MINC_ENABLE
ProjectManager.HeapSize=0x200
Mcu.Pin15=PB13
NVIC.HardFault_IRQn=true\:0\:0\:false\:false\:true\:false\:false
Mcu.Pin16=PB14
Mcu.Pin13=PB10
Mcu.Pin14=PB12
Mcu.Pin19=PC7
ADC1.SamplingTime-5\#ChannelRegularConversion=ADC_SAMPLETIME_3CYCLES
ProjectManager.ComputerToolchain=false
Mcu.Pin17=PB15
Mcu.Pin18=PC6
PCC.Seq0.Step1.Frequency=0 Hz
SH.SharedAnalog_PA1.1=ADC1_IN1,IN1
RCC.PLLP=RCC_PLLP_DIV4
NVIC.PriorityGroup=NVIC_PRIORITYGROUP_4
SH.SharedAnalog_PA1.0=GPIO_Analog
ADC1.NbrOfConversionFlag=1
Mcu.Pin11=PC4
Mcu.Pin12=PC5
RCC.PLLM=4
NVIC.I2C3_ER_IRQn=true\:0\:0\:false\:false\:true\:true\:true
RCC.PLLN=200
Mcu.Pin10=PA5
PB7.Locked=true
PCC.Seq0.Step1.Peripherals=
PA2.Mode=8b-d1
RCC.PWRFreq_Value=100000000
PA8.Mode=I2C
PCC.Seq0.Step1.Vcore=No Scale
PC9.Signal=I2C3_SDA
PCC.Seq0.Step1.Voltage_Source=Battery
PCC.Seq0.Step0.Vdd=3.6
PCC.Seq0=2
RCC.APB1Freq_Value=50000000
ADC1.ClockPrescaler=ADC_CLOCK_SYNC_PCLK_DIV8
ADC1.Rank-5\#ChannelRegularConversion=1
ProjectManager.DeviceId=STM32F412RGTx
PC1.Signal=GPIO_Output
PB12.Signal=GPIO_Output
ProjectManager.LibraryCopy=0
